
Microsoft Visual Studio Solution File, Format Version 12.00
# Visual Studio Version 17
VisualStudioVersion = 17.13.35931.197
MinimumVisualStudioVersion = 10.0.40219.1
Project("{FAE04EC0-301F-11D3-BF4B-00C04F79EFBC}") = "UserEntityWebAPI", "UserEntityWebAPI.csproj", "{EF0181F6-C707-4690-A4B6-E3F68F19A21B}"
EndProject
Global
	GlobalSection(SolutionConfigurationPlatforms) = preSolution
		Debug|Any CPU = Debug|Any CPU
		Release|Any CPU = Release|Any CPU
	EndGlobalSection
	GlobalSection(ProjectConfigurationPlatforms) = postSolution
		{EF0181F6-C707-4690-A4B6-E3F68F19A21B}.Debug|Any CPU.ActiveCfg = Debug|Any CPU
		{EF0181F6-C707-4690-A4B6-E3F68F19A21B}.Debug|Any CPU.Build.0 = Debug|Any CPU
		{EF0181F6-C707-4690-A4B6-E3F68F19A21B}.Release|Any CPU.ActiveCfg = Release|Any CPU
		{EF0181F6-C707-4690-A4B6-E3F68F19A21B}.Release|Any CPU.Build.0 = Release|Any CPU
	EndGlobalSection
	GlobalSection(SolutionProperties) = preSolution
		HideSolutionNode = FALSE
	EndGlobalSection
	GlobalSection(ExtensibilityGlobals) = postSolution
		SolutionGuid = {3A7E5043-2AFF-4E34-B878-410E0225CCAE}
	EndGlobalSection
EndGlobal
